version = 1
revision = 3
requires-python = ">=3.8.0, <3.13"
resolution-markers = [
    "python_full_version >= '3.11'",
    "python_full_version < '3.11'",
]

[[package]]
name = "astroid"
version = "2.15.8"
source = { registry = "https://pypi.org/simple" }
dependencies = [
    { name = "lazy-object-proxy" },
    { name = "typing-extensions", marker = "python_full_version < '3.11'" },
    { name = "wrapt" },
]
sdist = { url = "https://files.pythonhosted.org/packages/58/3d/c18b0854d0d2eb3aca20c149cff5c90e6b84a5366066768d98636f5045ed/astroid-2.15.8.tar.gz", hash = "sha256:6c107453dffee9055899705de3c9ead36e74119cee151e5a9aaf7f0b0e020a6a", size = 344362, upload-time = "2023-09-26T12:40:28.546Z" }
wheels = [
    { url = "https://files.pythonhosted.org/packages/16/b6/c0b5394ec6149e0129421f1a762b805e0e583974bc3cd65e3c7ce7c95444/astroid-2.15.8-py3-none-any.whl", hash = "sha256:1aa149fc5c6589e3d0ece885b4491acd80af4f087baafa3fb5203b113e68cd3c", size = 278329, upload-time = "2023-09-26T12:40:25.988Z" },
]

[[package]]
name = "attrs"
version = "23.2.0"
source = { registry = "https://pypi.org/simple" }
sdist = { url = "https://files.pythonhosted.org/packages/e3/fc/f800d51204003fa8ae392c4e8278f256206e7a919b708eef054f5f4b650d/attrs-23.2.0.tar.gz", hash = "sha256:935dc3b529c262f6cf76e50877d35a4bd3c1de194fd41f47a2b7ae8f19971f30", size = 780820, upload-time = "2023-12-31T06:30:32.926Z" }
wheels = [
    { url = "https://files.pythonhosted.org/packages/e0/44/827b2a91a5816512fcaf3cc4ebc465ccd5d598c45cefa6703fcf4a79018f/attrs-23.2.0-py3-none-any.whl", hash = "sha256:99b87a485a5820b23b879f04c2305b44b951b502fd64be915879d77a7e8fc6f1", size = 60752, upload-time = "2023-12-31T06:30:30.772Z" },
]

[[package]]
name = "cachetools"
version = "5.3.3"
source = { registry = "https://pypi.org/simple" }
sdist = { url = "https://files.pythonhosted.org/packages/b3/4d/27a3e6dd09011649ad5210bdf963765bc8fa81a0827a4fc01bafd2705c5b/cachetools-5.3.3.tar.gz", hash = "sha256:ba29e2dfa0b8b556606f097407ed1aa62080ee108ab0dc5ec9d6a723a007d105", size = 26522, upload-time = "2024-02-26T20:33:23.386Z" }
wheels = [
    { url = "https://files.pythonhosted.org/packages/fb/2b/a64c2d25a37aeb921fddb929111413049fc5f8b9a4c1aefaffaafe768d54/cachetools-5.3.3-py3-none-any.whl", hash = "sha256:0abad1021d3f8325b2fc1d2e9c8b9c9d57b04c3932657a72465447332c24d945", size = 9325, upload-time = "2024-02-26T20:33:20.308Z" },
]

[[package]]
name = "cattrs"
version = "23.2.3"
source = { registry = "https://pypi.org/simple" }
dependencies = [
    { name = "attrs" },
    { name = "exceptiongroup", marker = "python_full_version < '3.11'" },
    { name = "typing-extensions", marker = "python_full_version < '3.11'" },
]
sdist = { url = "https://files.pythonhosted.org/packages/1e/57/c6ccd22658c4bcb3beb3f1c262e1f170cf136e913b122763d0ddd328d284/cattrs-23.2.3.tar.gz", hash = "sha256:a934090d95abaa9e911dac357e3a8699e0b4b14f8529bcc7d2b1ad9d51672b9f", size = 610215, upload-time = "2023-11-30T22:19:21.117Z" }
wheels = [
    { url = "https://files.pythonhosted.org/packages/b3/0d/cd4a4071c7f38385dc5ba91286723b4d1090b87815db48216212c6c6c30e/cattrs-23.2.3-py3-none-any.whl", hash = "sha256:0341994d94971052e9ee70662542699a3162ea1e0c62f7ce1b4a57f563685108", size = 57474, upload-time = "2023-11-30T22:19:19.163Z" },
]

[[package]]
name = "click"
version = "8.1.7"
source = { registry = "https://pypi.org/simple" }
dependencies = [
    { name = "colorama", marker = "sys_platform == 'win32'" },
]
sdist = { url = "https://files.pythonhosted.org/packages/96/d3/f04c7bfcf5c1862a2a5b845c6b2b360488cf47af55dfa79c98f6a6bf98b5/click-8.1.7.tar.gz", hash = "sha256:ca9853ad459e787e2192211578cc907e7594e294c7ccc834310722b41b9ca6de", size = 336121, upload-time = "2023-08-17T17:29:11.868Z" }
wheels = [
    { url = "https://files.pythonhosted.org/packages/00/2e/d53fa4befbf2cfa713304affc7ca780ce4fc1fd8710527771b58311a3229/click-8.1.7-py3-none-any.whl", hash = "sha256:ae74fb96c20a0277a1d615f1e4d73c8414f5a98db8b799a7931d1582f3390c28", size = 97941, upload-time = "2023-08-17T17:29:10.08Z" },
]

[[package]]
name = "colorama"
version = "0.4.6"
source = { registry = "https://pypi.org/simple" }
sdist = { url = "https://files.pythonhosted.org/packages/d8/53/6f443c9a4a8358a93a6792e2acffb9d9d5cb0a5cfd8802644b7b1c9a02e4/colorama-0.4.6.tar.gz", hash = "sha256:08695f5cb7ed6e0531a20572697297273c47b8cae5a63ffc6d6ed5c201be6e44", size = 27697, upload-time = "2022-10-25T02:36:22.414Z" }
wheels = [
    { url = "https://files.pythonhosted.org/packages/d1/d6/3965ed04c63042e047cb6a3e6ed1a63a35087b6a609aa3a15ed8ac56c221/colorama-0.4.6-py2.py3-none-any.whl", hash = "sha256:4f1d9991f5acc0ca119f9d443620b77f9d6b33703e51011c16baf57afb285fc6", size = 25335, upload-time = "2022-10-25T02:36:20.889Z" },
]

[[package]]
name = "exceptiongroup"
version = "1.2.1"
source = { registry = "https://pypi.org/simple" }
sdist = { url = "https://files.pythonhosted.org/packages/a0/65/d66b7fbaef021b3c954b3bbb196d21d8a4b97918ea524f82cfae474215af/exceptiongroup-1.2.1.tar.gz", hash = "sha256:a4785e48b045528f5bfe627b6ad554ff32def154f42372786903b7abcfe1aa16", size = 28717, upload-time = "2024-04-18T21:19:14.118Z" }
wheels = [
    { url = "https://files.pythonhosted.org/packages/01/90/79fe92dd413a9cab314ef5c591b5aa9b9ba787ae4cadab75055b0ae00b33/exceptiongroup-1.2.1-py3-none-any.whl", hash = "sha256:5258b9ed329c5bbdd31a309f53cbfb0b155341807f6ff7606a1e801a891b29ad", size = 16458, upload-time = "2024-04-18T21:19:11.799Z" },
]

[[package]]
name = "importlib-metadata"
version = "8.0.0"
source = { registry = "https://pypi.org/simple" }
dependencies = [
    { name = "zipp" },
]
sdist = { url = "https://files.pythonhosted.org/packages/20/ff/bd28f70283b9cca0cbf0c2a6082acbecd822d1962ae7b2a904861b9965f8/importlib_metadata-8.0.0.tar.gz", hash = "sha256:188bd24e4c346d3f0a933f275c2fec67050326a856b9a359881d7c2a697e8812", size = 52667, upload-time = "2024-06-25T18:38:04.538Z" }
wheels = [
    { url = "https://files.pythonhosted.org/packages/dc/ef/38766b2edb096260d9b1b6ad35adaa0bce3b0567abb452b21eb074af88c4/importlib_metadata-8.0.0-py3-none-any.whl", hash = "sha256:15584cf2b1bf449d98ff8a6ff1abef57bf20f3ac6454f431736cd3e660921b2f", size = 24769, upload-time = "2024-06-25T18:38:02.324Z" },
]

[[package]]
name = "jedi"
version = "0.19.1"
source = { registry = "https://pypi.org/simple" }
dependencies = [
    { name = "parso" },
]
sdist = { url = "https://files.pythonhosted.org/packages/d6/99/99b493cec4bf43176b678de30f81ed003fd6a647a301b9c927280c600f0a/jedi-0.19.1.tar.gz", hash = "sha256:cf0496f3651bc65d7174ac1b7d043eff454892c708a87d1b683e57b569927ffd", size = 1227821, upload-time = "2023-10-02T09:20:39.728Z" }
wheels = [
    { url = "https://files.pythonhosted.org/packages/20/9f/bc63f0f0737ad7a60800bfd472a4836661adae21f9c2535f3957b1e54ceb/jedi-0.19.1-py2.py3-none-any.whl", hash = "sha256:e983c654fe5c02867aef4cdfce5a2fbb4a50adc0af145f70504238f18ef5e7e0", size = 1569361, upload-time = "2023-10-02T09:20:35.754Z" },
]

[[package]]
name = "lazy-object-proxy"
version = "1.10.0"
source = { registry = "https://pypi.org/simple" }
sdist = { url = "https://files.pythonhosted.org/packages/2c/f0/f02e2d150d581a294efded4020094a371bbab42423fe78625ac18854d89b/lazy-object-proxy-1.10.0.tar.gz", hash = "sha256:78247b6d45f43a52ef35c25b5581459e85117225408a4128a3daf8bf9648ac69", size = 43271, upload-time = "2023-12-15T15:11:41.75Z" }
wheels = [
    { url = "https://files.pythonhosted.org/packages/8d/42/a96d9d153f6ea38b925494cb9b42cf4a9f98fd30cad3124fc22e9d04ec34/lazy_object_proxy-1.10.0-cp310-cp310-macosx_10_9_x86_64.whl", hash = "sha256:855e068b0358ab916454464a884779c7ffa312b8925c6f7401e952dcf3b89977", size = 27432, upload-time = "2023-12-15T15:10:44.599Z" },
    { url = "https://files.pythonhosted.org/packages/4a/0d/b325461e43dde8d7644e9b9e9dd57f2a4af472b588c51ccbc92778e60ea4/lazy_object_proxy-1.10.0-cp310-cp310-manylinux_2_17_aarch64.manylinux2014_aarch64.whl", hash = "sha256:7ab7004cf2e59f7c2e4345604a3e6ea0d92ac44e1c2375527d56492014e690c3", size = 69133, upload-time = "2023-12-15T15:10:46.936Z" },
    { url = "https://files.pythonhosted.org/packages/8b/fc/83711d743fb5aaca5747bbf225fe3b5cbe085c7f6c115856b5cce80f3224/lazy_object_proxy-1.10.0-cp310-cp310-manylinux_2_5_x86_64.manylinux1_x86_64.manylinux_2_17_x86_64.manylinux2014_x86_64.whl", hash = "sha256:dc0d2fc424e54c70c4bc06787e4072c4f3b1aa2f897dfdc34ce1013cf3ceef05", size = 68272, upload-time = "2023-12-15T15:10:48.935Z" },
    { url = "https://files.pythonhosted.org/packages/8d/b5/ea47215abd4da45791664d7bbfe2976ca0de2c37af38b5e9e6cf89e0e65e/lazy_object_proxy-1.10.0-cp310-cp310-musllinux_1_1_aarch64.whl", hash = "sha256:e2adb09778797da09d2b5ebdbceebf7dd32e2c96f79da9052b2e87b6ea495895", size = 70891, upload-time = "2023-12-15T15:10:50.543Z" },
    { url = "https://files.pythonhosted.org/packages/8b/9b/908e12e5fa265ea1579261ff80f7b2136fd2ba254bc7f4f7e3dba83fd0f2/lazy_object_proxy-1.10.0-cp310-cp310-musllinux_1_1_x86_64.whl", hash = "sha256:b1f711e2c6dcd4edd372cf5dec5c5a30d23bba06ee012093267b3376c079ec83", size = 70451, upload-time = "2023-12-15T15:10:51.841Z" },
    { url = "https://files.pythonhosted.org/packages/16/ab/d9a47f2e70767af5ee311d71109be6ef2991c66c77bfa18e66707edd9f8c/lazy_object_proxy-1.10.0-cp310-cp310-win32.whl", hash = "sha256:76a095cfe6045c7d0ca77db9934e8f7b71b14645f0094ffcd842349ada5c5fb9", size = 25778, upload-time = "2023-12-15T15:10:53.707Z" },
    { url = "https://files.pythonhosted.org/packages/74/d6/0104e4154d2c30227eb54491dda8a4132be046b4cb37fb4ce915a5abc0d5/lazy_object_proxy-1.10.0-cp310-cp310-win_amd64.whl", hash = "sha256:b4f87d4ed9064b2628da63830986c3d2dca7501e6018347798313fcf028e2fd4", size = 27551, upload-time = "2023-12-15T15:10:54.991Z" },
    { url = "https://files.pythonhosted.org/packages/ff/e1/99a7ec68b892c9b8c6212617f54e7e9b0304d47edad8c0ff043ae3aeb1a9/lazy_object_proxy-1.10.0-cp311-cp311-macosx_10_9_x86_64.whl", hash = "sha256:fec03caabbc6b59ea4a638bee5fce7117be8e99a4103d9d5ad77f15d6f81020c", size = 27434, upload-time = "2023-12-15T15:10:56.157Z" },
    { url = "https://files.pythonhosted.org/packages/1a/76/6a41de4b44d1dcfe4c720d4606de0d7b69b6b450f0bdce16f2e1fb8abc89/lazy_object_proxy-1.10.0-cp311-cp311-manylinux_2_17_aarch64.manylinux2014_aarch64.whl", hash = "sha256:02c83f957782cbbe8136bee26416686a6ae998c7b6191711a04da776dc9e47d4", size = 70687, upload-time = "2023-12-15T15:10:57.949Z" },
    { url = "https://files.pythonhosted.org/packages/1e/5d/eaa12126e8989c9bdd21d864cbba2b258cb9ee2f574ada1462a0004cfad8/lazy_object_proxy-1.10.0-cp311-cp311-manylinux_2_5_x86_64.manylinux1_x86_64.manylinux_2_17_x86_64.manylinux2014_x86_64.whl", hash = "sha256:009e6bb1f1935a62889ddc8541514b6a9e1fcf302667dcb049a0be5c8f613e56", size = 69757, upload-time = "2023-12-15T15:10:59.937Z" },
    { url = "https://files.pythonhosted.org/packages/53/a9/6f22cfe9572929656988b72c0de266c5d10755369b575322725f67364c4e/lazy_object_proxy-1.10.0-cp311-cp311-musllinux_1_1_aarch64.whl", hash = "sha256:75fc59fc450050b1b3c203c35020bc41bd2695ed692a392924c6ce180c6f1dc9", size = 73709, upload-time = "2023-12-15T15:11:02.161Z" },
    { url = "https://files.pythonhosted.org/packages/bd/e6/b10fd94710a99a6309f3ad61a4eb480944bbb17fcb41bd2d852fdbee57ee/lazy_object_proxy-1.10.0-cp311-cp311-musllinux_1_1_x86_64.whl", hash = "sha256:782e2c9b2aab1708ffb07d4bf377d12901d7a1d99e5e410d648d892f8967ab1f", size = 73191, upload-time = "2023-12-15T15:11:03.511Z" },
    { url = "https://files.pythonhosted.org/packages/c9/78/a9b9d314da02fe66b632f2354e20e40fc3508befb450b5a17987a222b383/lazy_object_proxy-1.10.0-cp311-cp311-win32.whl", hash = "sha256:edb45bb8278574710e68a6b021599a10ce730d156e5b254941754a9cc0b17d03", size = 25773, upload-time = "2023-12-15T15:11:04.781Z" },
    { url = "https://files.pythonhosted.org/packages/94/e6/e2d3b0c9efe61f72dc327ce2355941f540e0b0d1f2b3490cbab6bab7d3ea/lazy_object_proxy-1.10.0-cp311-cp311-win_amd64.whl", hash = "sha256:e271058822765ad5e3bca7f05f2ace0de58a3f4e62045a8c90a0dfd2f8ad8cc6", size = 27550, upload-time = "2023-12-15T15:11:05.915Z" },
    { url = "https://files.pythonhosted.org/packages/d0/5d/768a7f2ccebb29604def61842fd54f6f5f75c79e366ee8748dda84de0b13/lazy_object_proxy-1.10.0-cp312-cp312-macosx_10_9_x86_64.whl", hash = "sha256:e98c8af98d5707dcdecc9ab0863c0ea6e88545d42ca7c3feffb6b4d1e370c7ba", size = 27560, upload-time = "2023-12-15T15:11:07.122Z" },
    { url = "https://files.pythonhosted.org/packages/b3/ce/f369815549dbfa4bebed541fa4e1561d69e4f268a1f6f77da886df182dab/lazy_object_proxy-1.10.0-cp312-cp312-manylinux_2_17_aarch64.manylinux2014_aarch64.whl", hash = "sha256:952c81d415b9b80ea261d2372d2a4a2332a3890c2b83e0535f263ddfe43f0d43", size = 72403, upload-time = "2023-12-15T15:11:08.426Z" },
    { url = "https://files.pythonhosted.org/packages/44/46/3771e0a4315044aa7b67da892b2fb1f59dfcf0eaff2c8967b2a0a85d5896/lazy_object_proxy-1.10.0-cp312-cp312-manylinux_2_5_x86_64.manylinux1_x86_64.manylinux_2_17_x86_64.manylinux2014_x86_64.whl", hash = "sha256:80b39d3a151309efc8cc48675918891b865bdf742a8616a337cb0090791a0de9", size = 72401, upload-time = "2023-12-15T15:11:09.78Z" },
    { url = "https://files.pythonhosted.org/packages/81/39/84ce4740718e1c700bd04d3457ac92b2e9ce76529911583e7a2bf4d96eb2/lazy_object_proxy-1.10.0-cp312-cp312-musllinux_1_1_aarch64.whl", hash = "sha256:e221060b701e2aa2ea991542900dd13907a5c90fa80e199dbf5a03359019e7a3", size = 75375, upload-time = "2023-12-15T15:11:12.382Z" },
    { url = "https://files.pythonhosted.org/packages/86/3b/d6b65da2b864822324745c0a73fe7fd86c67ccea54173682c3081d7adea8/lazy_object_proxy-1.10.0-cp312-cp312-musllinux_1_1_x86_64.whl", hash = "sha256:92f09ff65ecff3108e56526f9e2481b8116c0b9e1425325e13245abfd79bdb1b", size = 75466, upload-time = "2023-12-15T15:11:14.746Z" },
    { url = "https://files.pythonhosted.org/packages/f5/33/467a093bf004a70022cb410c590d937134bba2faa17bf9dc42a48f49af35/lazy_object_proxy-1.10.0-cp312-cp312-win32.whl", hash = "sha256:3ad54b9ddbe20ae9f7c1b29e52f123120772b06dbb18ec6be9101369d63a4074", size = 25914, upload-time = "2023-12-15T15:11:16.987Z" },
    { url = "https://files.pythonhosted.org/packages/77/ce/7956dc5ac2f8b62291b798c8363c81810e22a9effe469629d297d087e350/lazy_object_proxy-1.10.0-cp312-cp312-win_amd64.whl", hash = "sha256:127a789c75151db6af398b8972178afe6bda7d6f68730c057fbbc2e96b08d282", size = 27525, upload-time = "2023-12-15T15:11:18.335Z" },
    { url = "https://files.pythonhosted.org/packages/be/11/23bcc3a85c9df7326d332b29172eaa088a3ebecb2674f257de2599e36aeb/lazy_object_proxy-1.10.0-cp38-cp38-macosx_10_9_x86_64.whl", hash = "sha256:9e4ed0518a14dd26092614412936920ad081a424bdcb54cc13349a8e2c6d106a", size = 27427, upload-time = "2023-12-15T15:11:19.613Z" },
    { url = "https://files.pythonhosted.org/packages/77/18/b78391424f3e35147b0e4d280dda0320c29ee9930b908e42fbe7920b2492/lazy_object_proxy-1.10.0-cp38-cp38-manylinux_2_17_aarch64.manylinux2014_aarch64.whl", hash = "sha256:5ad9e6ed739285919aa9661a5bbed0aaf410aa60231373c5579c6b4801bd883c", size = 66346, upload-time = "2023-12-15T15:11:20.903Z" },
    { url = "https://files.pythonhosted.org/packages/b8/75/4669e1a7e7150e81ac27acc602ae61a37b4cc950c1ed3bd13b8d518bc026/lazy_object_proxy-1.10.0-cp38-cp38-manylinux_2_5_x86_64.manylinux1_x86_64.manylinux_2_17_x86_64.manylinux2014_x86_64.whl", hash = "sha256:2fc0a92c02fa1ca1e84fc60fa258458e5bf89d90a1ddaeb8ed9cc3147f417255", size = 66369, upload-time = "2023-12-15T15:11:22.22Z" },
    { url = "https://files.pythonhosted.org/packages/c8/a2/c99adb712e6ec8387d608c73d5b7a4a459c1c7813f38ee869f605bdc3f38/lazy_object_proxy-1.10.0-cp38-cp38-musllinux_1_1_aarch64.whl", hash = "sha256:0aefc7591920bbd360d57ea03c995cebc204b424524a5bd78406f6e1b8b2a5d8", size = 69713, upload-time = "2023-12-15T15:11:23.617Z" },
    { url = "https://files.pythonhosted.org/packages/f0/84/efe5dfb7c456bd3baa134dc2a4d7c891e7ce15a14c642cbfbcf50ff038ed/lazy_object_proxy-1.10.0-cp38-cp38-musllinux_1_1_x86_64.whl", hash = "sha256:5faf03a7d8942bb4476e3b62fd0f4cf94eaf4618e304a19865abf89a35c0bbee", size = 70065, upload-time = "2023-12-15T15:11:25.555Z" },
    { url = "https://files.pythonhosted.org/packages/36/15/f629f8aea93991a7e4700ef2601e5e4ed3fd0bcd106e3dc69c4ab12ffb98/lazy_object_proxy-1.10.0-cp38-cp38-win32.whl", hash = "sha256:e333e2324307a7b5d86adfa835bb500ee70bfcd1447384a822e96495796b0ca4", size = 25773, upload-time = "2023-12-15T15:11:27.347Z" },
    { url = "https://files.pythonhosted.org/packages/2b/ac/1ce4d58a508a74e4c6aa1e954e77be60720f5717c01b7b34f91ee6015837/lazy_object_proxy-1.10.0-cp38-cp38-win_amd64.whl", hash = "sha256:cb73507defd385b7705c599a94474b1d5222a508e502553ef94114a143ec6696", size = 27536, upload-time = "2023-12-15T15:11:28.62Z" },
    { url = "https://files.pythonhosted.org/packages/bc/2f/b9230d00c2eaa629e67cc69f285bf6b5692cb1d0179a1f8764edd451da86/lazy_object_proxy-1.10.0-cp39-cp39-macosx_10_9_x86_64.whl", hash = "sha256:366c32fe5355ef5fc8a232c5436f4cc66e9d3e8967c01fb2e6302fd6627e3d94", size = 27431, upload-time = "2023-12-15T15:11:29.849Z" },
    { url = "https://files.pythonhosted.org/packages/20/44/7d3b51ada1ddf873b136e2fa1d68bf3ee7b406b0bd9eeb97445932e2bfe1/lazy_object_proxy-1.10.0-cp39-cp39-manylinux_2_17_aarch64.manylinux2014_aarch64.whl", hash = "sha256:2297f08f08a2bb0d32a4265e98a006643cd7233fb7983032bd61ac7a02956b3b", size = 67547, upload-time = "2023-12-15T15:11:31.167Z" },
    { url = "https://files.pythonhosted.org/packages/ab/be/d0a76dd4404ee68c7dd611c9b48e58b5c70ac5458e4c951b2c8923c24dd9/lazy_object_proxy-1.10.0-cp39-cp39-manylinux_2_5_x86_64.manylinux1_x86_64.manylinux_2_17_x86_64.manylinux2014_x86_64.whl", hash = "sha256:18dd842b49456aaa9a7cf535b04ca4571a302ff72ed8740d06b5adcd41fe0757", size = 67068, upload-time = "2023-12-15T15:11:32.62Z" },
    { url = "https://files.pythonhosted.org/packages/d4/f8/d2d0d5caadf41c2d1fc9044dfc0e10d2831fb4ab6a077e68d25ea5bbff3b/lazy_object_proxy-1.10.0-cp39-cp39-musllinux_1_1_aarch64.whl", hash = "sha256:217138197c170a2a74ca0e05bddcd5f1796c735c37d0eee33e43259b192aa424", size = 68587, upload-time = "2023-12-15T15:11:34.606Z" },
    { url = "https://files.pythonhosted.org/packages/8e/ae/3e15cffacbdb64ac49930cdbc23cb0c67e1bb9e8a8ca7765fd8a8d2510c3/lazy_object_proxy-1.10.0-cp39-cp39-musllinux_1_1_x86_64.whl", hash = "sha256:9a3a87cf1e133e5b1994144c12ca4aa3d9698517fe1e2ca82977781b16955658", size = 68949, upload-time = "2023-12-15T15:11:36.183Z" },
    { url = "https://files.pythonhosted.org/packages/36/40/471f9cbecae0ede81b61ef94687357396fe1b04d7a2090a122ad81093afe/lazy_object_proxy-1.10.0-cp39-cp39-win32.whl", hash = "sha256:30b339b2a743c5288405aa79a69e706a06e02958eab31859f7f3c04980853b70", size = 25772, upload-time = "2023-12-15T15:11:37.435Z" },
    { url = "https://files.pythonhosted.org/packages/fe/30/40879041ed6a3364bfa862c4237aa7fe94dcd4affa2175718acbbf4d29b9/lazy_object_proxy-1.10.0-cp39-cp39-win_amd64.whl", hash = "sha256:a899b10e17743683b293a729d3a11f2f399e8a90c73b089e29f5d0fe3509f0dd", size = 27540, upload-time = "2023-12-15T15:11:39.196Z" },
    { url = "https://files.pythonhosted.org/packages/31/8b/94dc8d58704ab87b39faed6f2fc0090b9d90e2e2aa2bbec35c79f3d2a054/lazy_object_proxy-1.10.0-pp310.pp311.pp312.pp38.pp39-none-any.whl", hash = "sha256:80fa48bd89c8f2f456fc0765c11c23bf5af827febacd2f523ca5bc1893fcc09d", size = 16405, upload-time = "2023-12-15T15:11:40.453Z" },
]

[[package]]
name = "lsp-pyvoice"
version = "1.0"
source = { virtual = "." }
dependencies = [
    { name = "pyvoice-language-server" },
]

[package.metadata]
requires-dist = [{ name = "pyvoice-language-server", specifier = "==0.1.4" }]

[[package]]
name = "lsprotocol"
version = "2023.0.1"
source = { registry = "https://pypi.org/simple" }
dependencies = [
    { name = "attrs" },
    { name = "cattrs" },
]
sdist = { url = "https://files.pythonhosted.org/packages/9d/f6/6e80484ec078d0b50699ceb1833597b792a6c695f90c645fbaf54b947e6f/lsprotocol-2023.0.1.tar.gz", hash = "sha256:cc5c15130d2403c18b734304339e51242d3018a05c4f7d0f198ad6e0cd21861d", size = 69434, upload-time = "2024-01-09T17:21:12.625Z" }
wheels = [
    { url = "https://files.pythonhosted.org/packages/8d/37/2351e48cb3309673492d3a8c59d407b75fb6630e560eb27ecd4da03adc9a/lsprotocol-2023.0.1-py3-none-any.whl", hash = "sha256:c75223c9e4af2f24272b14c6375787438279369236cd568f596d4951052a60f2", size = 70826, upload-time = "2024-01-09T17:21:14.491Z" },
]

[[package]]
name = "packaging"
version = "21.3"
source = { registry = "https://pypi.org/simple" }
dependencies = [
    { name = "pyparsing" },
]
sdist = { url = "https://files.pythonhosted.org/packages/df/9e/d1a7217f69310c1db8fdf8ab396229f55a699ce34a203691794c5d1cad0c/packaging-21.3.tar.gz", hash = "sha256:dd47c42927d89ab911e606518907cc2d3a1f38bbd026385970643f9c5b8ecfeb", size = 84848, upload-time = "2021-11-18T00:39:13.586Z" }
wheels = [
    { url = "https://files.pythonhosted.org/packages/05/8e/8de486cbd03baba4deef4142bd643a3e7bbe954a784dc1bb17142572d127/packaging-21.3-py3-none-any.whl", hash = "sha256:ef103e05f519cdc783ae24ea4e2e0f508a9c99b2d4969652eed6a2e1ea5bd522", size = 40750, upload-time = "2021-11-18T00:39:10.932Z" },
]

[[package]]
name = "parso"
version = "0.8.4"
source = { registry = "https://pypi.org/simple" }
sdist = { url = "https://files.pythonhosted.org/packages/66/94/68e2e17afaa9169cf6412ab0f28623903be73d1b32e208d9e8e541bb086d/parso-0.8.4.tar.gz", hash = "sha256:eb3a7b58240fb99099a345571deecc0f9540ea5f4dd2fe14c2a99d6b281ab92d", size = 400609, upload-time = "2024-04-05T09:43:55.897Z" }
wheels = [
    { url = "https://files.pythonhosted.org/packages/c6/ac/dac4a63f978e4dcb3c6d3a78c4d8e0192a113d288502a1216950c41b1027/parso-0.8.4-py2.py3-none-any.whl", hash = "sha256:a418670a20291dacd2dddc80c377c5c3791378ee1e8d12bffc35420643d43f18", size = 103650, upload-time = "2024-04-05T09:43:53.299Z" },
]

[[package]]
name = "poetry-semver"
version = "0.1.0"
source = { registry = "https://pypi.org/simple" }
sdist = { url = "https://files.pythonhosted.org/packages/4e/99/8eb3c69b9bd2ee3e834a8dbd425bd95884c8bef1afd11bf4502c44e0e733/poetry-semver-0.1.0.tar.gz", hash = "sha256:d809b612aa27b39bf2d0fc9d31b4f4809b0e972646c5f19cfa46c725b7638810", size = 11985, upload-time = "2019-12-02T20:30:15.215Z" }
wheels = [
    { url = "https://files.pythonhosted.org/packages/0b/71/6cb8e63fec841c55da4aaf53746ee00bea49d810c07c53d53d90910e27e0/poetry_semver-0.1.0-py2.py3-none-any.whl", hash = "sha256:4e6349bd7231cc657f0e1930f7b204e87e33dfd63eef5cac869363969515083a", size = 10554, upload-time = "2019-12-02T20:30:17.54Z" },
]

[[package]]
name = "pygls"
version = "1.3.1"
source = { registry = "https://pypi.org/simple" }
dependencies = [
    { name = "cattrs" },
    { name = "lsprotocol" },
]
sdist = { url = "https://files.pythonhosted.org/packages/86/b9/41d173dad9eaa9db9c785a85671fc3d68961f08d67706dc2e79011e10b5c/pygls-1.3.1.tar.gz", hash = "sha256:140edceefa0da0e9b3c533547c892a42a7d2fd9217ae848c330c53d266a55018", size = 45527, upload-time = "2024-03-26T18:44:25.679Z" }
wheels = [
    { url = "https://files.pythonhosted.org/packages/11/19/b74a10dd24548e96e8c80226cbacb28b021bc3a168a7d2709fb0d0185348/pygls-1.3.1-py3-none-any.whl", hash = "sha256:6e00f11efc56321bdeb6eac04f6d86131f654c7d49124344a9ebb968da3dd91e", size = 56031, upload-time = "2024-03-26T18:44:24.249Z" },
]

[[package]]
name = "pyparsing"
version = "3.1.2"
source = { registry = "https://pypi.org/simple" }
sdist = { url = "https://files.pythonhosted.org/packages/46/3a/31fd28064d016a2182584d579e033ec95b809d8e220e74c4af6f0f2e8842/pyparsing-3.1.2.tar.gz", hash = "sha256:a1bac0ce561155ecc3ed78ca94d3c9378656ad4c94c1270de543f621420f94ad", size = 889571, upload-time = "2024-03-06T07:25:54.246Z" }
wheels = [
    { url = "https://files.pythonhosted.org/packages/9d/ea/6d76df31432a0e6fdf81681a895f009a4bb47b3c39036db3e1b528191d52/pyparsing-3.1.2-py3-none-any.whl", hash = "sha256:f9db75911801ed778fe61bb643079ff86601aca99fcae6345aa67292038fb742", size = 103245, upload-time = "2024-03-06T07:25:50.845Z" },
]

[[package]]
name = "pyvoice-language-server"
version = "0.1.4"
source = { registry = "https://pypi.org/simple" }
dependencies = [
    { name = "astroid" },
    { name = "attrs" },
    { name = "cachetools" },
    { name = "cattrs" },
    { name = "click" },
    { name = "colorama", marker = "sys_platform == 'win32'" },
    { name = "exceptiongroup", marker = "python_full_version < '3.11'" },
    { name = "importlib-metadata" },
    { name = "jedi" },
    { name = "lazy-object-proxy" },
    { name = "lsprotocol" },
    { name = "packaging" },
    { name = "parso" },
    { name = "poetry-semver" },
    { name = "pygls" },
    { name = "pyparsing" },
    { name = "requirements-detector" },
    { name = "setuptools" },
    { name = "stdlibs" },
    { name = "toml" },
    { name = "typing-extensions", marker = "python_full_version < '3.11'" },
    { name = "wrapt" },
    { name = "zipp" },
]
sdist = { url = "https://files.pythonhosted.org/packages/d1/e1/e93546c912a81cf4d284e2c5e36c49717da760f453373a0ede8407408158/pyvoice_language_server-0.1.4.tar.gz", hash = "sha256:0472a57682e31ace9993356ad887fb9ea7cdb200130b5cb0188bfaf2c5c22bfa", size = 30871, upload-time = "2024-07-21T11:00:24.298Z" }
wheels = [
    { url = "https://files.pythonhosted.org/packages/dc/83/e6ba6c204a799c0553bb071dbb91eabc1448006331ddbc14964daf3e4b95/pyvoice_language_server-0.1.4-py3-none-any.whl", hash = "sha256:9ea5fb36f60257be413d1005a9a1738e1dfdd33a72ceeeebd0e9f41dacadd050", size = 34956, upload-time = "2024-07-21T11:00:22.676Z" },
]

[[package]]
name = "requirements-detector"
version = "1.0.3"
source = { registry = "https://pypi.org/simple" }
dependencies = [
    { name = "astroid" },
    { name = "packaging" },
    { name = "poetry-semver" },
    { name = "toml" },
]
sdist = { url = "https://files.pythonhosted.org/packages/aa/27/34fda5bd988ffb6e60644d06b1029a8d1bf992f69220d7e95c98a6a359a1/requirements-detector-1.0.3.tar.gz", hash = "sha256:9124b0fa5808660e2ae65a06049dfe248a7b7df73f8e9d48d0ad7f7c790690ad", size = 9167, upload-time = "2022-03-21T15:05:27.74Z" }
wheels = [
    { url = "https://files.pythonhosted.org/packages/93/5a/b00e3589022384ebe6bbe448289f5bef762fd7a95a62da04ad5b19aeed7a/requirements_detector-1.0.3-py3-none-any.whl", hash = "sha256:d9fa8da14813500f6f94752c2bf4a6cf33d13e9f2140947f7df0149f1537437b", size = 12036, upload-time = "2022-03-21T15:05:25.742Z" },
]

[[package]]
name = "setuptools"
version = "69.5.1"
source = { registry = "https://pypi.org/simple" }
sdist = { url = "https://files.pythonhosted.org/packages/d6/4f/b10f707e14ef7de524fe1f8988a294fb262a29c9b5b12275c7e188864aed/setuptools-69.5.1.tar.gz", hash = "sha256:6c1fccdac05a97e598fb0ae3bbed5904ccb317337a51139dcd51453611bbb987", size = 2291314, upload-time = "2024-04-13T21:06:28.589Z" }
wheels = [
    { url = "https://files.pythonhosted.org/packages/f7/29/13965af254e3373bceae8fb9a0e6ea0d0e571171b80d6646932131d6439b/setuptools-69.5.1-py3-none-any.whl", hash = "sha256:c636ac361bc47580504644275c9ad802c50415c7522212252c033bd15f301f32", size = 894566, upload-time = "2024-04-13T21:06:23.256Z" },
]

[[package]]
name = "stdlibs"
version = "2024.5.15"
source = { registry = "https://pypi.org/simple" }
sdist = { url = "https://files.pythonhosted.org/packages/b4/f5/6136419af717b89ac3b436ef837801c1a259a2231f1324670174c42e6620/stdlibs-2024.5.15.tar.gz", hash = "sha256:42e0e49747dfd7af21db459bf83e15dd13e49332304667edabf88b94231e9b59", size = 25436, upload-time = "2024-05-15T21:08:23.623Z" }
wheels = [
    { url = "https://files.pythonhosted.org/packages/19/62/aac31730e125432152a53b80ae5c06b4d94ea0caafb0ac825b95fe6500a2/stdlibs-2024.5.15-py3-none-any.whl", hash = "sha256:f775fae037583193c4bb808bf3d01d416b9e93c25736d40d04caef17c3a5490f", size = 55055, upload-time = "2024-05-15T21:08:19.973Z" },
]

[[package]]
name = "toml"
version = "0.10.2"
source = { registry = "https://pypi.org/simple" }
sdist = { url = "https://files.pythonhosted.org/packages/be/ba/1f744cdc819428fc6b5084ec34d9b30660f6f9daaf70eead706e3203ec3c/toml-0.10.2.tar.gz", hash = "sha256:b3bda1d108d5dd99f4a20d24d9c348e91c4db7ab1b749200bded2f839ccbe68f", size = 22253, upload-time = "2020-11-01T01:40:22.204Z" }
wheels = [
    { url = "https://files.pythonhosted.org/packages/44/6f/7120676b6d73228c96e17f1f794d8ab046fc910d781c8d151120c3f1569e/toml-0.10.2-py2.py3-none-any.whl", hash = "sha256:806143ae5bfb6a3c6e736a764057db0e6a0e05e338b5630894a5f779cabb4f9b", size = 16588, upload-time = "2020-11-01T01:40:20.672Z" },
]

[[package]]
name = "typing-extensions"
version = "4.12.2"
source = { registry = "https://pypi.org/simple" }
sdist = { url = "https://files.pythonhosted.org/packages/df/db/f35a00659bc03fec321ba8bce9420de607a1d37f8342eee1863174c69557/typing_extensions-4.12.2.tar.gz", hash = "sha256:1a7ead55c7e559dd4dee8856e3a88b41225abfe1ce8df57b7c13915fe121ffb8", size = 85321, upload-time = "2024-06-07T18:52:15.995Z" }
wheels = [
    { url = "https://files.pythonhosted.org/packages/26/9f/ad63fc0248c5379346306f8668cda6e2e2e9c95e01216d2b8ffd9ff037d0/typing_extensions-4.12.2-py3-none-any.whl", hash = "sha256:04e5ca0351e0f3f85c6853954072df659d0d13fac324d0072316b67d7794700d", size = 37438, upload-time = "2024-06-07T18:52:13.582Z" },
]

[[package]]
name = "wrapt"
version = "1.16.0"
source = { registry = "https://pypi.org/simple" }
sdist = { url = "https://files.pythonhosted.org/packages/95/4c/063a912e20bcef7124e0df97282a8af3ff3e4b603ce84c481d6d7346be0a/wrapt-1.16.0.tar.gz", hash = "sha256:5f370f952971e7d17c7d1ead40e49f32345a7f7a5373571ef44d800d06b1899d", size = 53972, upload-time = "2023-11-09T06:33:30.191Z" }
wheels = [
    { url = "https://files.pythonhosted.org/packages/a8/c6/5375258add3777494671d8cec27cdf5402abd91016dee24aa2972c61fedf/wrapt-1.16.0-cp310-cp310-macosx_10_9_x86_64.whl", hash = "sha256:ffa565331890b90056c01db69c0fe634a776f8019c143a5ae265f9c6bc4bd6d4", size = 37315, upload-time = "2023-11-09T06:31:34.487Z" },
    { url = "https://files.pythonhosted.org/packages/32/12/e11adfde33444986135d8881b401e4de6cbb4cced046edc6b464e6ad7547/wrapt-1.16.0-cp310-cp310-macosx_11_0_arm64.whl", hash = "sha256:e4fdb9275308292e880dcbeb12546df7f3e0f96c6b41197e0cf37d2826359020", size = 38160, upload-time = "2023-11-09T06:31:36.931Z" },
    { url = "https://files.pythonhosted.org/packages/70/7d/3dcc4a7e96f8d3e398450ec7703db384413f79bd6c0196e0e139055ce00f/wrapt-1.16.0-cp310-cp310-manylinux_2_17_aarch64.manylinux2014_aarch64.whl", hash = "sha256:bb2dee3874a500de01c93d5c71415fcaef1d858370d405824783e7a8ef5db440", size = 80419, upload-time = "2023-11-09T06:31:38.956Z" },
    { url = "https://files.pythonhosted.org/packages/d1/c4/8dfdc3c2f0b38be85c8d9fdf0011ebad2f54e40897f9549a356bebb63a97/wrapt-1.16.0-cp310-cp310-manylinux_2_5_i686.manylinux1_i686.manylinux_2_17_i686.manylinux2014_i686.whl", hash = "sha256:2a88e6010048489cda82b1326889ec075a8c856c2e6a256072b28eaee3ccf487", size = 72669, upload-time = "2023-11-09T06:31:40.741Z" },
    { url = "https://files.pythonhosted.org/packages/49/83/b40bc1ad04a868b5b5bcec86349f06c1ee1ea7afe51dc3e46131e4f39308/wrapt-1.16.0-cp310-cp310-manylinux_2_5_x86_64.manylinux1_x86_64.manylinux_2_17_x86_64.manylinux2014_x86_64.whl", hash = "sha256:ac83a914ebaf589b69f7d0a1277602ff494e21f4c2f743313414378f8f50a4cf", size = 80271, upload-time = "2023-11-09T06:31:42.566Z" },
    { url = "https://files.pythonhosted.org/packages/19/d4/cd33d3a82df73a064c9b6401d14f346e1d2fb372885f0295516ec08ed2ee/wrapt-1.16.0-cp310-cp310-musllinux_1_1_aarch64.whl", hash = "sha256:73aa7d98215d39b8455f103de64391cb79dfcad601701a3aa0dddacf74911d72", size = 84748, upload-time = "2023-11-09T06:31:44.718Z" },
    { url = "https://files.pythonhosted.org/packages/ef/58/2fde309415b5fa98fd8f5f4a11886cbf276824c4c64d45a39da342fff6fe/wrapt-1.16.0-cp310-cp310-musllinux_1_1_i686.whl", hash = "sha256:807cc8543a477ab7422f1120a217054f958a66ef7314f76dd9e77d3f02cdccd0", size = 77522, upload-time = "2023-11-09T06:31:46.343Z" },
    { url = "https://files.pythonhosted.org/packages/07/44/359e4724a92369b88dbf09878a7cde7393cf3da885567ea898e5904049a3/wrapt-1.16.0-cp310-cp310-musllinux_1_1_x86_64.whl", hash = "sha256:bf5703fdeb350e36885f2875d853ce13172ae281c56e509f4e6eca049bdfb136", size = 84780, upload-time = "2023-11-09T06:31:48.006Z" },
    { url = "https://files.pythonhosted.org/packages/88/8f/706f2fee019360cc1da652353330350c76aa5746b4e191082e45d6838faf/wrapt-1.16.0-cp310-cp310-win32.whl", hash = "sha256:f6b2d0c6703c988d334f297aa5df18c45e97b0af3679bb75059e0e0bd8b1069d", size = 35335, upload-time = "2023-11-09T06:31:49.517Z" },
    { url = "https://files.pythonhosted.org/packages/19/2b/548d23362e3002ebbfaefe649b833fa43f6ca37ac3e95472130c4b69e0b4/wrapt-1.16.0-cp310-cp310-win_amd64.whl", hash = "sha256:decbfa2f618fa8ed81c95ee18a387ff973143c656ef800c9f24fb7e9c16054e2", size = 37528, upload-time = "2023-11-09T06:31:50.803Z" },
    { url = "https://files.pythonhosted.org/packages/fd/03/c188ac517f402775b90d6f312955a5e53b866c964b32119f2ed76315697e/wrapt-1.16.0-cp311-cp311-macosx_10_9_x86_64.whl", hash = "sha256:1a5db485fe2de4403f13fafdc231b0dbae5eca4359232d2efc79025527375b09", size = 37313, upload-time = "2023-11-09T06:31:52.168Z" },
    { url = "https://files.pythonhosted.org/packages/0f/16/ea627d7817394db04518f62934a5de59874b587b792300991b3c347ff5e0/wrapt-1.16.0-cp311-cp311-macosx_11_0_arm64.whl", hash = "sha256:75ea7d0ee2a15733684badb16de6794894ed9c55aa5e9903260922f0482e687d", size = 38164, upload-time = "2023-11-09T06:31:53.522Z" },
    { url = "https://files.pythonhosted.org/packages/7f/a7/f1212ba098f3de0fd244e2de0f8791ad2539c03bef6c05a9fcb03e45b089/wrapt-1.16.0-cp311-cp311-manylinux_2_17_aarch64.manylinux2014_aarch64.whl", hash = "sha256:a452f9ca3e3267cd4d0fcf2edd0d035b1934ac2bd7e0e57ac91ad6b95c0c6389", size = 80890, upload-time = "2023-11-09T06:31:55.247Z" },
    { url = "https://files.pythonhosted.org/packages/b7/96/bb5e08b3d6db003c9ab219c487714c13a237ee7dcc572a555eaf1ce7dc82/wrapt-1.16.0-cp311-cp311-manylinux_2_5_i686.manylinux1_i686.manylinux_2_17_i686.manylinux2014_i686.whl", hash = "sha256:43aa59eadec7890d9958748db829df269f0368521ba6dc68cc172d5d03ed8060", size = 73118, upload-time = "2023-11-09T06:31:57.023Z" },
    { url = "https://files.pythonhosted.org/packages/6e/52/2da48b35193e39ac53cfb141467d9f259851522d0e8c87153f0ba4205fb1/wrapt-1.16.0-cp311-cp311-manylinux_2_5_x86_64.manylinux1_x86_64.manylinux_2_17_x86_64.manylinux2014_x86_64.whl", hash = "sha256:72554a23c78a8e7aa02abbd699d129eead8b147a23c56e08d08dfc29cfdddca1", size = 80746, upload-time = "2023-11-09T06:31:58.686Z" },
    { url = "https://files.pythonhosted.org/packages/11/fb/18ec40265ab81c0e82a934de04596b6ce972c27ba2592c8b53d5585e6bcd/wrapt-1.16.0-cp311-cp311-musllinux_1_1_aarch64.whl", hash = "sha256:d2efee35b4b0a347e0d99d28e884dfd82797852d62fcd7ebdeee26f3ceb72cf3", size = 85668, upload-time = "2023-11-09T06:31:59.992Z" },
    { url = "https://files.pythonhosted.org/packages/0f/ef/0ecb1fa23145560431b970418dce575cfaec555ab08617d82eb92afc7ccf/wrapt-1.16.0-cp311-cp311-musllinux_1_1_i686.whl", hash = "sha256:6dcfcffe73710be01d90cae08c3e548d90932d37b39ef83969ae135d36ef3956", size = 78556, upload-time = "2023-11-09T06:32:01.942Z" },
    { url = "https://files.pythonhosted.org/packages/25/62/cd284b2b747f175b5a96cbd8092b32e7369edab0644c45784871528eb852/wrapt-1.16.0-cp311-cp311-musllinux_1_1_x86_64.whl", hash = "sha256:eb6e651000a19c96f452c85132811d25e9264d836951022d6e81df2fff38337d", size = 85712, upload-time = "2023-11-09T06:32:03.686Z" },
    { url = "https://files.pythonhosted.org/packages/e5/a7/47b7ff74fbadf81b696872d5ba504966591a3468f1bc86bca2f407baef68/wrapt-1.16.0-cp311-cp311-win32.whl", hash = "sha256:66027d667efe95cc4fa945af59f92c5a02c6f5bb6012bff9e60542c74c75c362", size = 35327, upload-time = "2023-11-09T06:32:05.284Z" },
    { url = "https://files.pythonhosted.org/packages/cf/c3/0084351951d9579ae83a3d9e38c140371e4c6b038136909235079f2e6e78/wrapt-1.16.0-cp311-cp311-win_amd64.whl", hash = "sha256:aefbc4cb0a54f91af643660a0a150ce2c090d3652cf4052a5397fb2de549cd89", size = 37523, upload-time = "2023-11-09T06:32:07.17Z" },
    { url = "https://files.pythonhosted.org/packages/92/17/224132494c1e23521868cdd57cd1e903f3b6a7ba6996b7b8f077ff8ac7fe/wrapt-1.16.0-cp312-cp312-macosx_10_9_x86_64.whl", hash = "sha256:5eb404d89131ec9b4f748fa5cfb5346802e5ee8836f57d516576e61f304f3b7b", size = 37614, upload-time = "2023-11-09T06:32:08.859Z" },
    { url = "https://files.pythonhosted.org/packages/6a/d7/cfcd73e8f4858079ac59d9db1ec5a1349bc486ae8e9ba55698cc1f4a1dff/wrapt-1.16.0-cp312-cp312-macosx_11_0_arm64.whl", hash = "sha256:9090c9e676d5236a6948330e83cb89969f433b1943a558968f659ead07cb3b36", size = 38316, upload-time = "2023-11-09T06:32:10.719Z" },
    { url = "https://files.pythonhosted.org/packages/7e/79/5ff0a5c54bda5aec75b36453d06be4f83d5cd4932cc84b7cb2b52cee23e2/wrapt-1.16.0-cp312-cp312-manylinux_2_17_aarch64.manylinux2014_aarch64.whl", hash = "sha256:94265b00870aa407bd0cbcfd536f17ecde43b94fb8d228560a1e9d3041462d73", size = 86322, upload-time = "2023-11-09T06:32:12.592Z" },
    { url = "https://files.pythonhosted.org/packages/c4/81/e799bf5d419f422d8712108837c1d9bf6ebe3cb2a81ad94413449543a923/wrapt-1.16.0-cp312-cp312-manylinux_2_5_i686.manylinux1_i686.manylinux_2_17_i686.manylinux2014_i686.whl", hash = "sha256:f2058f813d4f2b5e3a9eb2eb3faf8f1d99b81c3e51aeda4b168406443e8ba809", size = 79055, upload-time = "2023-11-09T06:32:14.394Z" },
    { url = "https://files.pythonhosted.org/packages/62/62/30ca2405de6a20448ee557ab2cd61ab9c5900be7cbd18a2639db595f0b98/wrapt-1.16.0-cp312-cp312-manylinux_2_5_x86_64.manylinux1_x86_64.manylinux_2_17_x86_64.manylinux2014_x86_64.whl", hash = "sha256:98b5e1f498a8ca1858a1cdbffb023bfd954da4e3fa2c0cb5853d40014557248b", size = 87291, upload-time = "2023-11-09T06:32:16.201Z" },
    { url = "https://files.pythonhosted.org/packages/49/4e/5d2f6d7b57fc9956bf06e944eb00463551f7d52fc73ca35cfc4c2cdb7aed/wrapt-1.16.0-cp312-cp312-musllinux_1_1_aarch64.whl", hash = "sha256:14d7dc606219cdd7405133c713f2c218d4252f2a469003f8c46bb92d5d095d81", size = 90374, upload-time = "2023-11-09T06:32:18.052Z" },
    { url = "https://files.pythonhosted.org/packages/a6/9b/c2c21b44ff5b9bf14a83252a8b973fb84923764ff63db3e6dfc3895cf2e0/wrapt-1.16.0-cp312-cp312-musllinux_1_1_i686.whl", hash = "sha256:49aac49dc4782cb04f58986e81ea0b4768e4ff197b57324dcbd7699c5dfb40b9", size = 83896, upload-time = "2023-11-09T06:32:19.533Z" },
    { url = "https://files.pythonhosted.org/packages/14/26/93a9fa02c6f257df54d7570dfe8011995138118d11939a4ecd82cb849613/wrapt-1.16.0-cp312-cp312-musllinux_1_1_x86_64.whl", hash = "sha256:418abb18146475c310d7a6dc71143d6f7adec5b004ac9ce08dc7a34e2babdc5c", size = 91738, upload-time = "2023-11-09T06:32:20.989Z" },
    { url = "https://files.pythonhosted.org/packages/a2/5b/4660897233eb2c8c4de3dc7cefed114c61bacb3c28327e64150dc44ee2f6/wrapt-1.16.0-cp312-cp312-win32.whl", hash = "sha256:685f568fa5e627e93f3b52fda002c7ed2fa1800b50ce51f6ed1d572d8ab3e7fc", size = 35568, upload-time = "2023-11-09T06:32:22.715Z" },
    { url = "https://files.pythonhosted.org/packages/5c/cc/8297f9658506b224aa4bd71906447dea6bb0ba629861a758c28f67428b91/wrapt-1.16.0-cp312-cp312-win_amd64.whl", hash = "sha256:dcdba5c86e368442528f7060039eda390cc4091bfd1dca41e8046af7c910dda8", size = 37653, upload-time = "2023-11-09T06:32:24.533Z" },
    { url = "https://files.pythonhosted.org/packages/fe/9e/d3bc95e75670ba15c5b25ecf07fc49941843e2678d777ca59339348d1c96/wrapt-1.16.0-cp38-cp38-macosx_10_9_x86_64.whl", hash = "sha256:1dd50a2696ff89f57bd8847647a1c363b687d3d796dc30d4dd4a9d1689a706f0", size = 37320, upload-time = "2023-11-09T06:32:54.263Z" },
    { url = "https://files.pythonhosted.org/packages/72/b5/0c9be75f826c8e8d583a4ab312552d63d9f7c0768710146a22ac59bda4a9/wrapt-1.16.0-cp38-cp38-macosx_11_0_arm64.whl", hash = "sha256:44a2754372e32ab315734c6c73b24351d06e77ffff6ae27d2ecf14cf3d229202", size = 38163, upload-time = "2023-11-09T06:32:55.819Z" },
    { url = "https://files.pythonhosted.org/packages/69/21/b2ba809bafc9b6265e359f9c259c6d9a52a16cf6be20c72d95e76da609dd/wrapt-1.16.0-cp38-cp38-manylinux_2_17_aarch64.manylinux2014_aarch64.whl", hash = "sha256:8e9723528b9f787dc59168369e42ae1c3b0d3fadb2f1a71de14531d321ee05b0", size = 83535, upload-time = "2023-11-09T06:32:57.268Z" },
    { url = "https://files.pythonhosted.org/packages/58/43/d72e625edb5926483c9868214d25b5e7d5858ace6a80c9dfddfbadf4d8f9/wrapt-1.16.0-cp38-cp38-manylinux_2_5_i686.manylinux1_i686.manylinux_2_17_i686.manylinux2014_i686.whl", hash = "sha256:dbed418ba5c3dce92619656802cc5355cb679e58d0d89b50f116e4a9d5a9603e", size = 75975, upload-time = "2023-11-09T06:32:58.668Z" },
    { url = "https://files.pythonhosted.org/packages/ef/c6/56e718e2c58a4078518c14d97e531ef1e9e8a5c1ddafdc0d264a92be1a1a/wrapt-1.16.0-cp38-cp38-manylinux_2_5_x86_64.manylinux1_x86_64.manylinux_2_17_x86_64.manylinux2014_x86_64.whl", hash = "sha256:941988b89b4fd6b41c3f0bfb20e92bd23746579736b7343283297c4c8cbae68f", size = 83363, upload-time = "2023-11-09T06:33:00.529Z" },
    { url = "https://files.pythonhosted.org/packages/34/49/589db6fa2d5d428b71716815bca8b39196fdaeea7c247a719ed2f93b0ab4/wrapt-1.16.0-cp38-cp38-musllinux_1_1_aarch64.whl", hash = "sha256:6a42cd0cfa8ffc1915aef79cb4284f6383d8a3e9dcca70c445dcfdd639d51267", size = 87739, upload-time = "2023-11-09T06:33:02.761Z" },
    { url = "https://files.pythonhosted.org/packages/c5/40/3eabe06c8dc54fada7364f34e8caa562efe3bf3f769bf3258de9c785a27f/wrapt-1.16.0-cp38-cp38-musllinux_1_1_i686.whl", hash = "sha256:1ca9b6085e4f866bd584fb135a041bfc32cab916e69f714a7d1d397f8c4891ca", size = 80700, upload-time = "2023-11-09T06:33:05.225Z" },
    { url = "https://files.pythonhosted.org/packages/15/4e/081f59237b620a124b035f1229f55db40841a9339fdb8ef60b4decc44df9/wrapt-1.16.0-cp38-cp38-musllinux_1_1_x86_64.whl", hash = "sha256:d5e49454f19ef621089e204f862388d29e6e8d8b162efce05208913dde5b9ad6", size = 87783, upload-time = "2023-11-09T06:33:07.929Z" },
    { url = "https://files.pythonhosted.org/packages/3a/ad/9d26a33bc80444ff97b937f94611f3b986fd40f735823558dfdf05ef9db8/wrapt-1.16.0-cp38-cp38-win32.whl", hash = "sha256:c31f72b1b6624c9d863fc095da460802f43a7c6868c5dda140f51da24fd47d7b", size = 35332, upload-time = "2023-11-09T06:33:09.647Z" },
    { url = "https://files.pythonhosted.org/packages/01/db/4b29ba5f97d2a0aa97ec41eba1036b7c3eaf6e61e1f4639420cec2463a01/wrapt-1.16.0-cp38-cp38-win_amd64.whl", hash = "sha256:490b0ee15c1a55be9c1bd8609b8cecd60e325f0575fc98f50058eae366e01f41", size = 37524, upload-time = "2023-11-09T06:33:11.083Z" },
    { url = "https://files.pythonhosted.org/packages/70/cc/b92e1da2cad6a9f8ee481000ece07a35e3b24e041e60ff8b850c079f0ebf/wrapt-1.16.0-cp39-cp39-macosx_10_9_x86_64.whl", hash = "sha256:9b201ae332c3637a42f02d1045e1d0cccfdc41f1f2f801dafbaa7e9b4797bfc2", size = 37314, upload-time = "2023-11-09T06:33:12.535Z" },
    { url = "https://files.pythonhosted.org/packages/4a/cc/3402bcc897978be00fef608cd9e3e39ec8869c973feeb5e1e277670e5ad2/wrapt-1.16.0-cp39-cp39-macosx_11_0_arm64.whl", hash = "sha256:2076fad65c6736184e77d7d4729b63a6d1ae0b70da4868adeec40989858eb3fb", size = 38162, upload-time = "2023-11-09T06:33:14.102Z" },
    { url = "https://files.pythonhosted.org/packages/28/d3/4f079f649c515727c127c987b2ec2e0816b80d95784f2d28d1a57d2a1029/wrapt-1.16.0-cp39-cp39-manylinux_2_17_aarch64.manylinux2014_aarch64.whl", hash = "sha256:c5cd603b575ebceca7da5a3a251e69561bec509e0b46e4993e1cac402b7247b8", size = 80235, upload-time = "2023-11-09T06:33:15.446Z" },
    { url = "https://files.pythonhosted.org/packages/a3/1c/226c2a4932e578a2241dcb383f425995f80224b446f439c2e112eb51c3a6/wrapt-1.16.0-cp39-cp39-manylinux_2_5_i686.manylinux1_i686.manylinux_2_17_i686.manylinux2014_i686.whl", hash = "sha256:b47cfad9e9bbbed2339081f4e346c93ecd7ab504299403320bf85f7f85c7d46c", size = 72553, upload-time = "2023-11-09T06:33:17.315Z" },
    { url = "https://files.pythonhosted.org/packages/b1/e7/459a8a4f40f2fa65eb73cb3f339e6d152957932516d18d0e996c7ae2d7ae/wrapt-1.16.0-cp39-cp39-manylinux_2_5_x86_64.manylinux1_x86_64.manylinux_2_17_x86_64.manylinux2014_x86_64.whl", hash = "sha256:f8212564d49c50eb4565e502814f694e240c55551a5f1bc841d4fcaabb0a9b8a", size = 80129, upload-time = "2023-11-09T06:33:18.858Z" },
    { url = "https://files.pythonhosted.org/packages/da/6f/6d0b3c4983f1fc764a422989dabc268ee87d937763246cd48aa92f1eed1e/wrapt-1.16.0-cp39-cp39-musllinux_1_1_aarch64.whl", hash = "sha256:5f15814a33e42b04e3de432e573aa557f9f0f56458745c2074952f564c50e664", size = 84550, upload-time = "2023-11-09T06:33:20.267Z" },
    { url = "https://files.pythonhosted.org/packages/96/e8/27ef35cf61e5147c1c3abcb89cfbb8d691b2bb8364803fcc950140bc14d8/wrapt-1.16.0-cp39-cp39-musllinux_1_1_i686.whl", hash = "sha256:db2e408d983b0e61e238cf579c09ef7020560441906ca990fe8412153e3b291f", size = 77352, upload-time = "2023-11-09T06:33:22.041Z" },
    { url = "https://files.pythonhosted.org/packages/b6/ad/7a0766341081bfd9f18a7049e4d6d45586ae5c5bb0a640f05e2f558e849c/wrapt-1.16.0-cp39-cp39-musllinux_1_1_x86_64.whl", hash = "sha256:edfad1d29c73f9b863ebe7082ae9321374ccb10879eeabc84ba3b69f2579d537", size = 84626, upload-time = "2023-11-09T06:33:23.634Z" },
    { url = "https://files.pythonhosted.org/packages/09/43/b26852e9c45a1aac0d14b1080b25b612fa840ba99739c5fc55db07b7ce08/wrapt-1.16.0-cp39-cp39-win32.whl", hash = "sha256:ed867c42c268f876097248e05b6117a65bcd1e63b779e916fe2e33cd6fd0d3c3", size = 35327, upload-time = "2023-11-09T06:33:25.43Z" },
    { url = "https://files.pythonhosted.org/packages/74/f2/96ed140b08743f7f68d5bda35a2a589600781366c3da96f056043d258b1a/wrapt-1.16.0-cp39-cp39-win_amd64.whl", hash = "sha256:eb1b046be06b0fce7249f1d025cd359b4b80fc1c3e24ad9eca33e0dcdb2e4a35", size = 37526, upload-time = "2023-11-09T06:33:26.882Z" },
    { url = "https://files.pythonhosted.org/packages/ff/21/abdedb4cdf6ff41ebf01a74087740a709e2edb146490e4d9beea054b0b7a/wrapt-1.16.0-py3-none-any.whl", hash = "sha256:6906c4100a8fcbf2fa735f6059214bb13b97f75b1a61777fcf6432121ef12ef1", size = 23362, upload-time = "2023-11-09T06:33:28.271Z" },
]

[[package]]
name = "zipp"
version = "3.19.2"
source = { registry = "https://pypi.org/simple" }
sdist = { url = "https://files.pythonhosted.org/packages/d3/20/b48f58857d98dcb78f9e30ed2cfe533025e2e9827bbd36ea0a64cc00cbc1/zipp-3.19.2.tar.gz", hash = "sha256:bf1dcf6450f873a13e952a29504887c89e6de7506209e5b1bcc3460135d4de19", size = 22922, upload-time = "2024-06-04T17:21:09.042Z" }
wheels = [
    { url = "https://files.pythonhosted.org/packages/20/38/f5c473fe9b90c8debdd29ea68d5add0289f1936d6f923b6b9cc0b931194c/zipp-3.19.2-py3-none-any.whl", hash = "sha256:f091755f667055f2d02b32c53771a7a6c8b47e1fdbc4b72a8b9072b3eef8015c", size = 9039, upload-time = "2024-06-04T17:21:07.146Z" },
]
